// !$*UTF8*$!
{
	archiveVersion = 1;
	classes = {
	};
	objectVersion = 55;
	objects = {

/* Begin PBXBuildFile section */
		7D19BE6727B79674001BBCD7 /* WordlerApp.swift in Sources */ = {isa = PBXBuildFile; fileRef = 7D19BE6627B79674001BBCD7 /* WordlerApp.swift */; };
		7D19BE6927B79674001BBCD7 /* GameView.swift in Sources */ = {isa = PBXBuildFile; fileRef = 7D19BE6827B79674001BBCD7 /* GameView.swift */; };
		7D19BE6B27B79676001BBCD7 /* Assets.xcassets in Resources */ = {isa = PBXBuildFile; fileRef = 7D19BE6A27B79676001BBCD7 /* Assets.xcassets */; };
		7D19BE6E27B79676001BBCD7 /* Preview Assets.xcassets in Resources */ = {isa = PBXBuildFile; fileRef = 7D19BE6D27B79676001BBCD7 /* Preview Assets.xcassets */; };
		7D19BE7827B79676001BBCD7 /* WordlerTests.swift in Sources */ = {isa = PBXBuildFile; fileRef = 7D19BE7727B79676001BBCD7 /* WordlerTests.swift */; };
		7D19BE8227B79676001BBCD7 /* WordlerUITests.swift in Sources */ = {isa = PBXBuildFile; fileRef = 7D19BE8127B79676001BBCD7 /* WordlerUITests.swift */; };
		7D19BE8427B79676001BBCD7 /* WordlerUITestsLaunchTests.swift in Sources */ = {isa = PBXBuildFile; fileRef = 7D19BE8327B79676001BBCD7 /* WordlerUITestsLaunchTests.swift */; };
		7D19BE9227B79792001BBCD7 /* Alamofire in Frameworks */ = {isa = PBXBuildFile; productRef = 7D19BE9127B79792001BBCD7 /* Alamofire */; };
		7D19BE9727B79848001BBCD7 /* Service.swift in Sources */ = {isa = PBXBuildFile; fileRef = 7D19BE9627B79848001BBCD7 /* Service.swift */; };
		7D19BE9927B79857001BBCD7 /* APIClient.swift in Sources */ = {isa = PBXBuildFile; fileRef = 7D19BE9827B79857001BBCD7 /* APIClient.swift */; };
		7D19BE9B27B89BAA001BBCD7 /* Constants.swift in Sources */ = {isa = PBXBuildFile; fileRef = 7D19BE9A27B89BAA001BBCD7 /* Constants.swift */; };
		7D19BE9D27B89EA1001BBCD7 /* RequestModel.swift in Sources */ = {isa = PBXBuildFile; fileRef = 7D19BE9C27B89EA1001BBCD7 /* RequestModel.swift */; };
		7D19BE9F27B89EA9001BBCD7 /* ResponseModel.swift in Sources */ = {isa = PBXBuildFile; fileRef = 7D19BE9E27B89EA9001BBCD7 /* ResponseModel.swift */; };
		7D19BEA127B90772001BBCD7 /* Analyser.swift in Sources */ = {isa = PBXBuildFile; fileRef = 7D19BEA027B90772001BBCD7 /* Analyser.swift */; };
		7D19BEA327B90786001BBCD7 /* Models.swift in Sources */ = {isa = PBXBuildFile; fileRef = 7D19BEA227B90786001BBCD7 /* Models.swift */; };
		7D19BEA527B907A2001BBCD7 /* ViewModel.swift in Sources */ = {isa = PBXBuildFile; fileRef = 7D19BEA427B907A2001BBCD7 /* ViewModel.swift */; };
		7D19BEA727B916A1001BBCD7 /* WordView.swift in Sources */ = {isa = PBXBuildFile; fileRef = 7D19BEA627B916A1001BBCD7 /* WordView.swift */; };
		7D19BEA927B91723001BBCD7 /* LetterView.swift in Sources */ = {isa = PBXBuildFile; fileRef = 7D19BEA827B91723001BBCD7 /* LetterView.swift */; };
/* End PBXBuildFile section */

/* Begin PBXContainerItemProxy section */
		7D19BE7427B79676001BBCD7 /* PBXContainerItemProxy */ = {
			isa = PBXContainerItemProxy;
			containerPortal = 7D19BE5B27B79674001BBCD7 /* Project object */;
			proxyType = 1;
			remoteGlobalIDString = 7D19BE6227B79674001BBCD7;
			remoteInfo = Wordler;
		};
		7D19BE7E27B79676001BBCD7 /* PBXContainerItemProxy */ = {
			isa = PBXContainerItemProxy;
			containerPortal = 7D19BE5B27B79674001BBCD7 /* Project object */;
			proxyType = 1;
			remoteGlobalIDString = 7D19BE6227B79674001BBCD7;
			remoteInfo = Wordler;
		};
/* End PBXContainerItemProxy section */

/* Begin PBXFileReference section */
		7D19BE6327B79674001BBCD7 /* Wordler.app */ = {isa = PBXFileReference; explicitFileType = wrapper.application; includeInIndex = 0; path = Wordler.app; sourceTree = BUILT_PRODUCTS_DIR; };
		7D19BE6627B79674001BBCD7 /* WordlerApp.swift */ = {isa = PBXFileReference; lastKnownFileType = sourcecode.swift; path = WordlerApp.swift; sourceTree = "<group>"; };
		7D19BE6827B79674001BBCD7 /* GameView.swift */ = {isa = PBXFileReference; lastKnownFileType = sourcecode.swift; path = GameView.swift; sourceTree = "<group>"; };
		7D19BE6A27B79676001BBCD7 /* Assets.xcassets */ = {isa = PBXFileReference; lastKnownFileType = folder.assetcatalog; path = Assets.xcassets; sourceTree = "<group>"; };
		7D19BE6D27B79676001BBCD7 /* Preview Assets.xcassets */ = {isa = PBXFileReference; lastKnownFileType = folder.assetcatalog; path = "Preview Assets.xcassets"; sourceTree = "<group>"; };
		7D19BE7327B79676001BBCD7 /* WordlerTests.xctest */ = {isa = PBXFileReference; explicitFileType = wrapper.cfbundle; includeInIndex = 0; path = WordlerTests.xctest; sourceTree = BUILT_PRODUCTS_DIR; };
		7D19BE7727B79676001BBCD7 /* WordlerTests.swift */ = {isa = PBXFileReference; lastKnownFileType = sourcecode.swift; path = WordlerTests.swift; sourceTree = "<group>"; };
		7D19BE7D27B79676001BBCD7 /* WordlerUITests.xctest */ = {isa = PBXFileReference; explicitFileType = wrapper.cfbundle; includeInIndex = 0; path = WordlerUITests.xctest; sourceTree = BUILT_PRODUCTS_DIR; };
		7D19BE8127B79676001BBCD7 /* WordlerUITests.swift */ = {isa = PBXFileReference; lastKnownFileType = sourcecode.swift; path = WordlerUITests.swift; sourceTree = "<group>"; };
		7D19BE8327B79676001BBCD7 /* WordlerUITestsLaunchTests.swift */ = {isa = PBXFileReference; lastKnownFileType = sourcecode.swift; path = WordlerUITestsLaunchTests.swift; sourceTree = "<group>"; };
		7D19BE9627B79848001BBCD7 /* Service.swift */ = {isa = PBXFileReference; lastKnownFileType = sourcecode.swift; path = Service.swift; sourceTree = "<group>"; };
		7D19BE9827B79857001BBCD7 /* APIClient.swift */ = {isa = PBXFileReference; lastKnownFileType = sourcecode.swift; path = APIClient.swift; sourceTree = "<group>"; };
		7D19BE9A27B89BAA001BBCD7 /* Constants.swift */ = {isa = PBXFileReference; lastKnownFileType = sourcecode.swift; path = Constants.swift; sourceTree = "<group>"; };
		7D19BE9C27B89EA1001BBCD7 /* RequestModel.swift */ = {isa = PBXFileReference; lastKnownFileType = sourcecode.swift; path = RequestModel.swift; sourceTree = "<group>"; };
		7D19BE9E27B89EA9001BBCD7 /* ResponseModel.swift */ = {isa = PBXFileReference; lastKnownFileType = sourcecode.swift; path = ResponseModel.swift; sourceTree = "<group>"; };
		7D19BEA027B90772001BBCD7 /* Analyser.swift */ = {isa = PBXFileReference; lastKnownFileType = sourcecode.swift; path = Analyser.swift; sourceTree = "<group>"; };
		7D19BEA227B90786001BBCD7 /* Models.swift */ = {isa = PBXFileReference; lastKnownFileType = sourcecode.swift; path = Models.swift; sourceTree = "<group>"; };
		7D19BEA427B907A2001BBCD7 /* ViewModel.swift */ = {isa = PBXFileReference; lastKnownFileType = sourcecode.swift; path = ViewModel.swift; sourceTree = "<group>"; };
		7D19BEA627B916A1001BBCD7 /* WordView.swift */ = {isa = PBXFileReference; lastKnownFileType = sourcecode.swift; path = WordView.swift; sourceTree = "<group>"; };
		7D19BEA827B91723001BBCD7 /* LetterView.swift */ = {isa = PBXFileReference; lastKnownFileType = sourcecode.swift; path = LetterView.swift; sourceTree = "<group>"; };
/* End PBXFileReference section */

/* Begin PBXFrameworksBuildPhase section */
		7D19BE6027B79674001BBCD7 /* Frameworks */ = {
			isa = PBXFrameworksBuildPhase;
			buildActionMask = 2147483647;
			files = (
				7D19BE9227B79792001BBCD7 /* Alamofire in Frameworks */,
			);
			runOnlyForDeploymentPostprocessing = 0;
		};
		7D19BE7027B79676001BBCD7 /* Frameworks */ = {
			isa = PBXFrameworksBuildPhase;
			buildActionMask = 2147483647;
			files = (
			);
			runOnlyForDeploymentPostprocessing = 0;
		};
		7D19BE7A27B79676001BBCD7 /* Frameworks */ = {
			isa = PBXFrameworksBuildPhase;
			buildActionMask = 2147483647;
			files = (
			);
			runOnlyForDeploymentPostprocessing = 0;
		};
/* End PBXFrameworksBuildPhase section */

/* Begin PBXGroup section */
		7D19BE5A27B79674001BBCD7 = {
			isa = PBXGroup;
			children = (
				7D19BE6527B79674001BBCD7 /* Wordler */,
				7D19BE7627B79676001BBCD7 /* WordlerTests */,
				7D19BE8027B79676001BBCD7 /* WordlerUITests */,
				7D19BE6427B79674001BBCD7 /* Products */,
			);
			sourceTree = "<group>";
		};
		7D19BE6427B79674001BBCD7 /* Products */ = {
			isa = PBXGroup;
			children = (
				7D19BE6327B79674001BBCD7 /* Wordler.app */,
				7D19BE7327B79676001BBCD7 /* WordlerTests.xctest */,
				7D19BE7D27B79676001BBCD7 /* WordlerUITests.xctest */,
			);
			name = Products;
			sourceTree = "<group>";
		};
		7D19BE6527B79674001BBCD7 /* Wordler */ = {
			isa = PBXGroup;
			children = (
				7D19BE6627B79674001BBCD7 /* WordlerApp.swift */,
				7D19BE9327B797A7001BBCD7 /* Networking */,
				7D19BE9527B797EB001BBCD7 /* Components */,
				7D19BE9427B797C1001BBCD7 /* Scenes */,
				7D19BE6827B79674001BBCD7 /* GameView.swift */,
				7D19BEA627B916A1001BBCD7 /* WordView.swift */,
				7D19BEA827B91723001BBCD7 /* LetterView.swift */,
				7D19BE6A27B79676001BBCD7 /* Assets.xcassets */,
				7D19BE6C27B79676001BBCD7 /* Preview Content */,
			);
			path = Wordler;
			sourceTree = "<group>";
		};
		7D19BE6C27B79676001BBCD7 /* Preview Content */ = {
			isa = PBXGroup;
			children = (
				7D19BE6D27B79676001BBCD7 /* Preview Assets.xcassets */,
			);
			path = "Preview Content";
			sourceTree = "<group>";
		};
		7D19BE7627B79676001BBCD7 /* WordlerTests */ = {
			isa = PBXGroup;
			children = (
				7D19BE7727B79676001BBCD7 /* WordlerTests.swift */,
			);
			path = WordlerTests;
			sourceTree = "<group>";
		};
		7D19BE8027B79676001BBCD7 /* WordlerUITests */ = {
			isa = PBXGroup;
			children = (
				7D19BE8127B79676001BBCD7 /* WordlerUITests.swift */,
				7D19BE8327B79676001BBCD7 /* WordlerUITestsLaunchTests.swift */,
			);
			path = WordlerUITests;
			sourceTree = "<group>";
		};
		7D19BE9327B797A7001BBCD7 /* Networking */ = {
			isa = PBXGroup;
			children = (
				7D19BE9627B79848001BBCD7 /* Service.swift */,
				7D19BE9827B79857001BBCD7 /* APIClient.swift */,
				7D19BE9A27B89BAA001BBCD7 /* Constants.swift */,
				7D19BE9C27B89EA1001BBCD7 /* RequestModel.swift */,
				7D19BE9E27B89EA9001BBCD7 /* ResponseModel.swift */,
			);
			path = Networking;
			sourceTree = "<group>";
		};
		7D19BE9427B797C1001BBCD7 /* Scenes */ = {
			isa = PBXGroup;
			children = (
				7D19BEA027B90772001BBCD7 /* Analyser.swift */,
				7D19BEA227B90786001BBCD7 /* Models.swift */,
				7D19BEA427B907A2001BBCD7 /* ViewModel.swift */,
			);
			path = Scenes;
			sourceTree = "<group>";
		};
		7D19BE9527B797EB001BBCD7 /* Components */ = {
			isa = PBXGroup;
			children = (
			);
			path = Components;
			sourceTree = "<group>";
		};
/* End PBXGroup section */

/* Begin PBXNativeTarget section */
		7D19BE6227B79674001BBCD7 /* Wordler */ = {
			isa = PBXNativeTarget;
			buildConfigurationList = 7D19BE8727B79676001BBCD7 /* Build configuration list for PBXNativeTarget "Wordler" */;
			buildPhases = (
				7D19BE5F27B79674001BBCD7 /* Sources */,
				7D19BE6027B79674001BBCD7 /* Frameworks */,
				7D19BE6127B79674001BBCD7 /* Resources */,
			);
			buildRules = (
			);
			dependencies = (
			);
			name = Wordler;
			packageProductDependencies = (
				7D19BE9127B79792001BBCD7 /* Alamofire */,
			);
			productName = Wordler;
			productReference = 7D19BE6327B79674001BBCD7 /* Wordler.app */;
			productType = "com.apple.product-type.application";
		};
		7D19BE7227B79676001BBCD7 /* WordlerTests */ = {
			isa = PBXNativeTarget;
			buildConfigurationList = 7D19BE8A27B79676001BBCD7 /* Build configuration list for PBXNativeTarget "WordlerTests" */;
			buildPhases = (
				7D19BE6F27B79676001BBCD7 /* Sources */,
				7D19BE7027B79676001BBCD7 /* Frameworks */,
				7D19BE7127B79676001BBCD7 /* Resources */,
			);
			buildRules = (
			);
			dependencies = (
				7D19BE7527B79676001BBCD7 /* PBXTargetDependency */,
			);
			name = WordlerTests;
			productName = WordlerTests;
			productReference = 7D19BE7327B79676001BBCD7 /* WordlerTests.xctest */;
			productType = "com.apple.product-type.bundle.unit-test";
		};
		7D19BE7C27B79676001BBCD7 /* WordlerUITests */ = {
			isa = PBXNativeTarget;
			buildConfigurationList = 7D19BE8D27B79676001BBCD7 /* Build configuration list for PBXNativeTarget "WordlerUITests" */;
			buildPhases = (
				7D19BE7927B79676001BBCD7 /* Sources */,
				7D19BE7A27B79676001BBCD7 /* Frameworks */,
				7D19BE7B27B79676001BBCD7 /* Resources */,
			);
			buildRules = (
			);
			dependencies = (
				7D19BE7F27B79676001BBCD7 /* PBXTargetDependency */,
			);
			name = WordlerUITests;
			productName = WordlerUITests;
			productReference = 7D19BE7D27B79676001BBCD7 /* WordlerUITests.xctest */;
			productType = "com.apple.product-type.bundle.ui-testing";
		};
/* End PBXNativeTarget section */

/* Begin PBXProject section */
		7D19BE5B27B79674001BBCD7 /* Project object */ = {
			isa = PBXProject;
			attributes = {
				BuildIndependentTargetsInParallel = 1;
				LastSwiftUpdateCheck = 1310;
				LastUpgradeCheck = 1310;
				TargetAttributes = {
					7D19BE6227B79674001BBCD7 = {
						CreatedOnToolsVersion = 13.1;
					};
					7D19BE7227B79676001BBCD7 = {
						CreatedOnToolsVersion = 13.1;
						TestTargetID = 7D19BE6227B79674001BBCD7;
					};
					7D19BE7C27B79676001BBCD7 = {
						CreatedOnToolsVersion = 13.1;
						TestTargetID = 7D19BE6227B79674001BBCD7;
					};
				};
			};
			buildConfigurationList = 7D19BE5E27B79674001BBCD7 /* Build configuration list for PBXProject "Wordler" */;
			compatibilityVersion = "Xcode 13.0";
			developmentRegion = en;
			hasScannedForEncodings = 0;
			knownRegions = (
				en,
				Base,
			);
			mainGroup = 7D19BE5A27B79674001BBCD7;
			packageReferences = (
				7D19BE9027B79792001BBCD7 /* XCRemoteSwiftPackageReference "Alamofire" */,
			);
			productRefGroup = 7D19BE6427B79674001BBCD7 /* Products */;
			projectDirPath = "";
			projectRoot = "";
			targets = (
				7D19BE6227B79674001BBCD7 /* Wordler */,
				7D19BE7227B79676001BBCD7 /* WordlerTests */,
				7D19BE7C27B79676001BBCD7 /* WordlerUITests */,
			);
		};
/* End PBXProject section */

/* Begin PBXResourcesBuildPhase section */
		7D19BE6127B79674001BBCD7 /* Resources */ = {
			isa = PBXResourcesBuildPhase;
			buildActionMask = 2147483647;
			files = (
				7D19BE6E27B79676001BBCD7 /* Preview Assets.xcassets in Resources */,
				7D19BE6B27B79676001BBCD7 /* Assets.xcassets in Resources */,
			);
			runOnlyForDeploymentPostprocessing = 0;
		};
		7D19BE7127B79676001BBCD7 /* Resources */ = {
			isa = PBXResourcesBuildPhase;
			buildActionMask = 2147483647;
			files = (
			);
			runOnlyForDeploymentPostprocessing = 0;
		};
		7D19BE7B27B79676001BBCD7 /* Resources */ = {
			isa = PBXResourcesBuildPhase;
			buildActionMask = 2147483647;
			files = (
			);
			runOnlyForDeploymentPostprocessing = 0;
		};
/* End PBXResourcesBuildPhase section */

/* Begin PBXSourcesBuildPhase section */
		7D19BE5F27B79674001BBCD7 /* Sources */ = {
			isa = PBXSourcesBuildPhase;
			buildActionMask = 2147483647;
			files = (
				7D19BEA527B907A2001BBCD7 /* ViewModel.swift in Sources */,
				7D19BEA127B90772001BBCD7 /* Analyser.swift in Sources */,
				7D19BE9B27B89BAA001BBCD7 /* Constants.swift in Sources */,
				7D19BE6927B79674001BBCD7 /* GameView.swift in Sources */,
				7D19BE6727B79674001BBCD7 /* WordlerApp.swift in Sources */,
				7D19BE9727B79848001BBCD7 /* Service.swift in Sources */,
				7D19BE9F27B89EA9001BBCD7 /* ResponseModel.swift in Sources */,
				7D19BEA327B90786001BBCD7 /* Models.swift in Sources */,
				7D19BE9927B79857001BBCD7 /* APIClient.swift in Sources */,
				7D19BEA727B916A1001BBCD7 /* WordView.swift in Sources */,
				7D19BEA927B91723001BBCD7 /* LetterView.swift in Sources */,
				7D19BE9D27B89EA1001BBCD7 /* RequestModel.swift in Sources */,
			);
			runOnlyForDeploymentPostprocessing = 0;
		};
		7D19BE6F27B79676001BBCD7 /* Sources */ = {
			isa = PBXSourcesBuildPhase;
			buildActionMask = 2147483647;
			files = (
				7D19BE7827B79676001BBCD7 /* WordlerTests.swift in Sources */,
			);
			runOnlyForDeploymentPostprocessing = 0;
		};
		7D19BE7927B79676001BBCD7 /* Sources */ = {
			isa = PBXSourcesBuildPhase;
			buildActionMask = 2147483647;
			files = (
				7D19BE8427B79676001BBCD7 /* WordlerUITestsLaunchTests.swift in Sources */,
				7D19BE8227B79676001BBCD7 /* WordlerUITests.swift in Sources */,
			);
			runOnlyForDeploymentPostprocessing = 0;
		};
/* End PBXSourcesBuildPhase section */

/* Begin PBXTargetDependency section */
		7D19BE7527B79676001BBCD7 /* PBXTargetDependency */ = {
			isa = PBXTargetDependency;
			target = 7D19BE6227B79674001BBCD7 /* Wordler */;
			targetProxy = 7D19BE7427B79676001BBCD7 /* PBXContainerItemProxy */;
		};
		7D19BE7F27B79676001BBCD7 /* PBXTargetDependency */ = {
			isa = PBXTargetDependency;
			target = 7D19BE6227B79674001BBCD7 /* Wordler */;
			targetProxy = 7D19BE7E27B79676001BBCD7 /* PBXContainerItemProxy */;
		};
/* End PBXTargetDependency section */

/* Begin XCBuildConfiguration section */
		7D19BE8527B79676001BBCD7 /* Debug */ = {
			isa = XCBuildConfiguration;
			buildSettings = {
				ALWAYS_SEARCH_USER_PATHS = NO;
				CLANG_ANALYZER_NONNULL = YES;
				CLANG_ANALYZER_NUMBER_OBJECT_CONVERSION = YES_AGGRESSIVE;
				CLANG_CXX_LANGUAGE_STANDARD = "gnu++17";
				CLANG_CXX_LIBRARY = "libc++";
				CLANG_ENABLE_MODULES = YES;
				CLANG_ENABLE_OBJC_ARC = YES;
				CLANG_ENABLE_OBJC_WEAK = YES;
				CLANG_WARN_BLOCK_CAPTURE_AUTORELEASING = YES;
				CLANG_WARN_BOOL_CONVERSION = YES;
				CLANG_WARN_COMMA = YES;
				CLANG_WARN_CONSTANT_CONVERSION = YES;
				CLANG_WARN_DEPRECATED_OBJC_IMPLEMENTATIONS = YES;
				CLANG_WARN_DIRECT_OBJC_ISA_USAGE = YES_ERROR;
				CLANG_WARN_DOCUMENTATION_COMMENTS = YES;
				CLANG_WARN_EMPTY_BODY = YES;
				CLANG_WARN_ENUM_CONVERSION = YES;
				CLANG_WARN_INFINITE_RECURSION = YES;
				CLANG_WARN_INT_CONVERSION = YES;
				CLANG_WARN_NON_LITERAL_NULL_CONVERSION = YES;
				CLANG_WARN_OBJC_IMPLICIT_RETAIN_SELF = YES;
				CLANG_WARN_OBJC_LITERAL_CONVERSION = YES;
				CLANG_WARN_OBJC_ROOT_CLASS = YES_ERROR;
				CLANG_WARN_QUOTED_INCLUDE_IN_FRAMEWORK_HEADER = YES;
				CLANG_WARN_RANGE_LOOP_ANALYSIS = YES;
				CLANG_WARN_STRICT_PROTOTYPES = YES;
				CLANG_WARN_SUSPICIOUS_MOVE = YES;
				CLANG_WARN_UNGUARDED_AVAILABILITY = YES_AGGRESSIVE;
				CLANG_WARN_UNREACHABLE_CODE = YES;
				CLANG_WARN__DUPLICATE_METHOD_MATCH = YES;
				COPY_PHASE_STRIP = NO;
				DEBUG_INFORMATION_FORMAT = dwarf;
				ENABLE_STRICT_OBJC_MSGSEND = YES;
				ENABLE_TESTABILITY = YES;
				GCC_C_LANGUAGE_STANDARD = gnu11;
				GCC_DYNAMIC_NO_PIC = NO;
				GCC_NO_COMMON_BLOCKS = YES;
				GCC_OPTIMIZATION_LEVEL = 0;
				GCC_PREPROCESSOR_DEFINITIONS = (
					"DEBUG=1",
					"$(inherited)",
				);
				GCC_WARN_64_TO_32_BIT_CONVERSION = YES;
				GCC_WARN_ABOUT_RETURN_TYPE = YES_ERROR;
				GCC_WARN_UNDECLARED_SELECTOR = YES;
				GCC_WARN_UNINITIALIZED_AUTOS = YES_AGGRESSIVE;
				GCC_WARN_UNUSED_FUNCTION = YES;
				GCC_WARN_UNUSED_VARIABLE = YES;
				IPHONEOS_DEPLOYMENT_TARGET = 15.0;
				MTL_ENABLE_DEBUG_INFO = INCLUDE_SOURCE;
				MTL_FAST_MATH = YES;
				ONLY_ACTIVE_ARCH = YES;
				SDKROOT = iphoneos;
				SWIFT_ACTIVE_COMPILATION_CONDITIONS = DEBUG;
				SWIFT_OPTIMIZATION_LEVEL = "-Onone";
			};
			name = Debug;
		};
		7D19BE8627B79676001BBCD7 /* Release */ = {
			isa = XCBuildConfiguration;
			buildSettings = {
				ALWAYS_SEARCH_USER_PATHS = NO;
				CLANG_ANALYZER_NONNULL = YES;
				CLANG_ANALYZER_NUMBER_OBJECT_CONVERSION = YES_AGGRESSIVE;
				CLANG_CXX_LANGUAGE_STANDARD = "gnu++17";
				CLANG_CXX_LIBRARY = "libc++";
				CLANG_ENABLE_MODULES = YES;
				CLANG_ENABLE_OBJC_ARC = YES;
				CLANG_ENABLE_OBJC_WEAK = YES;
				CLANG_WARN_BLOCK_CAPTURE_AUTORELEASING = YES;
				CLANG_WARN_BOOL_CONVERSION = YES;
				CLANG_WARN_COMMA = YES;
				CLANG_WARN_CONSTANT_CONVERSION = YES;
				CLANG_WARN_DEPRECATED_OBJC_IMPLEMENTATIONS = YES;
				CLANG_WARN_DIRECT_OBJC_ISA_USAGE = YES_ERROR;
				CLANG_WARN_DOCUMENTATION_COMMENTS = YES;
				CLANG_WARN_EMPTY_BODY = YES;
				CLANG_WARN_ENUM_CONVERSION = YES;
				CLANG_WARN_INFINITE_RECURSION = YES;
				CLANG_WARN_INT_CONVERSION = YES;
				CLANG_WARN_NON_LITERAL_NULL_CONVERSION = YES;
				CLANG_WARN_OBJC_IMPLICIT_RETAIN_SELF = YES;
				CLANG_WARN_OBJC_LITERAL_CONVERSION = YES;
				CLANG_WARN_OBJC_ROOT_CLASS = YES_ERROR;
				CLANG_WARN_QUOTED_INCLUDE_IN_FRAMEWORK_HEADER = YES;
				CLANG_WARN_RANGE_LOOP_ANALYSIS = YES;
				CLANG_WARN_STRICT_PROTOTYPES = YES;
				CLANG_WARN_SUSPICIOUS_MOVE = YES;
				CLANG_WARN_UNGUARDED_AVAILABILITY = YES_AGGRESSIVE;
				CLANG_WARN_UNREACHABLE_CODE = YES;
				CLANG_WARN__DUPLICATE_METHOD_MATCH = YES;
				COPY_PHASE_STRIP = NO;
				DEBUG_INFORMATION_FORMAT = "dwarf-with-dsym";
				ENABLE_NS_ASSERTIONS = NO;
				ENABLE_STRICT_OBJC_MSGSEND = YES;
				GCC_C_LANGUAGE_STANDARD = gnu11;
				GCC_NO_COMMON_BLOCKS = YES;
				GCC_WARN_64_TO_32_BIT_CONVERSION = YES;
				GCC_WARN_ABOUT_RETURN_TYPE = YES_ERROR;
				GCC_WARN_UNDECLARED_SELECTOR = YES;
				GCC_WARN_UNINITIALIZED_AUTOS = YES_AGGRESSIVE;
				GCC_WARN_UNUSED_FUNCTION = YES;
				GCC_WARN_UNUSED_VARIABLE = YES;
				IPHONEOS_DEPLOYMENT_TARGET = 15.0;
				MTL_ENABLE_DEBUG_INFO = NO;
				MTL_FAST_MATH = YES;
				SDKROOT = iphoneos;
				SWIFT_COMPILATION_MODE = wholemodule;
				SWIFT_OPTIMIZATION_LEVEL = "-O";
				VALIDATE_PRODUCT = YES;
			};
			name = Release;
		};
		7D19BE8827B79676001BBCD7 /* Debug */ = {
			isa = XCBuildConfiguration;
			buildSettings = {
				ASSETCATALOG_COMPILER_APPICON_NAME = AppIcon;
				ASSETCATALOG_COMPILER_GLOBAL_ACCENT_COLOR_NAME = AccentColor;
				CODE_SIGN_STYLE = Automatic;
				CURRENT_PROJECT_VERSION = 1;
				DEVELOPMENT_ASSET_PATHS = "\"Wordler/Preview Content\"";
				DEVELOPMENT_TEAM = 9DENJD3M83;
				ENABLE_PREVIEWS = YES;
				GENERATE_INFOPLIST_FILE = YES;
				INFOPLIST_KEY_UIApplicationSceneManifest_Generation = YES;
				INFOPLIST_KEY_UIApplicationSupportsIndirectInputEvents = YES;
				INFOPLIST_KEY_UILaunchScreen_Generation = YES;
				INFOPLIST_KEY_UISupportedInterfaceOrientations_iPad = "UIInterfaceOrientationPortrait UIInterfaceOrientationPortraitUpsideDown UIInterfaceOrientationLandscapeLeft UIInterfaceOrientationLandscapeRight";
				INFOPLIST_KEY_UISupportedInterfaceOrientations_iPhone = "UIInterfaceOrientationPortrait UIInterfaceOrientationLandscapeLeft UIInterfaceOrientationLandscapeRight";
				LD_RUNPATH_SEARCH_PATHS = (
					"$(inherited)",
					"@executable_path/Frameworks",
				);
				MARKETING_VERSION = 1.0;
				PRODUCT_BUNDLE_IDENTIFIER = com.dsigns.Wordler;
				PRODUCT_NAME = "$(TARGET_NAME)";
				SWIFT_EMIT_LOC_STRINGS = YES;
				SWIFT_VERSION = 5.0;
				TARGETED_DEVICE_FAMILY = "1,2";
			};
			name = Debug;
		};
		7D19BE8927B79676001BBCD7 /* Release */ = {
			isa = XCBuildConfiguration;
			buildSettings = {
				ASSETCATALOG_COMPILER_APPICON_NAME = AppIcon;
				ASSETCATALOG_COMPILER_GLOBAL_ACCENT_COLOR_NAME = AccentColor;
				CODE_SIGN_STYLE = Automatic;
				CURRENT_PROJECT_VERSION = 1;
				DEVELOPMENT_ASSET_PATHS = "\"Wordler/Preview Content\"";
				DEVELOPMENT_TEAM = 9DENJD3M83;
				ENABLE_PREVIEWS = YES;
				GENERATE_INFOPLIST_FILE = YES;
				INFOPLIST_KEY_UIApplicationSceneManifest_Generation = YES;
				INFOPLIST_KEY_UIApplicationSupportsIndirectInputEvents = YES;
				INFOPLIST_KEY_UILaunchScreen_Generation = YES;
				INFOPLIST_KEY_UISupportedInterfaceOrientations_iPad = "UIInterfaceOrientationPortrait UIInterfaceOrientationPortraitUpsideDown UIInterfaceOrientationLandscapeLeft UIInterfaceOrientationLandscapeRight";
				INFOPLIST_KEY_UISupportedInterfaceOrientations_iPhone = "UIInterfaceOrientationPortrait UIInterfaceOrientationLandscapeLeft UIInterfaceOrientationLandscapeRight";
				LD_RUNPATH_SEARCH_PATHS = (
					"$(inherited)",
					"@executable_path/Frameworks",
				);
				MARKETING_VERSION = 1.0;
				PRODUCT_BUNDLE_IDENTIFIER = com.dsigns.Wordler;
				PRODUCT_NAME = "$(TARGET_NAME)";
				SWIFT_EMIT_LOC_STRINGS = YES;
				SWIFT_VERSION = 5.0;
				TARGETED_DEVICE_FAMILY = "1,2";
			};
			name = Release;
		};
		7D19BE8B27B79676001BBCD7 /* Debug */ = {
			isa = XCBuildConfiguration;
			buildSettings = {
				ALWAYS_EMBED_SWIFT_STANDARD_LIBRARIES = YES;
				BUNDLE_LOADER = "$(TEST_HOST)";
				CODE_SIGN_STYLE = Automatic;
				CURRENT_PROJECT_VERSION = 1;
				DEVELOPMENT_TEAM = 9DENJD3M83;
				GENERATE_INFOPLIST_FILE = YES;
				IPHONEOS_DEPLOYMENT_TARGET = 15.0;
				LD_RUNPATH_SEARCH_PATHS = (
					"$(inherited)",
					"@executable_path/Frameworks",
					"@loader_path/Frameworks",
				);
				MARKETING_VERSION = 1.0;
				PRODUCT_BUNDLE_IDENTIFIER = com.dsigns.WordlerTests;
				PRODUCT_NAME = "$(TARGET_NAME)";
				SWIFT_EMIT_LOC_STRINGS = NO;
				SWIFT_VERSION = 5.0;
				TARGETED_DEVICE_FAMILY = "1,2";
				TEST_HOST = "$(BUILT_PRODUCTS_DIR)/Wordler.app/Wordler";
			};
			name = Debug;
		};
		7D19BE8C27B79676001BBCD7 /* Release */ = {
			isa = XCBuildConfiguration;
			buildSettings = {
				ALWAYS_EMBED_SWIFT_STANDARD_LIBRARIES = YES;
				BUNDLE_LOADER = "$(TEST_HOST)";
				CODE_SIGN_STYLE = Automatic;
				CURRENT_PROJECT_VERSION = 1;
				DEVELOPMENT_TEAM = 9DENJD3M83;
				GENERATE_INFOPLIST_FILE = YES;
				IPHONEOS_DEPLOYMENT_TARGET = 15.0;
				LD_RUNPATH_SEARCH_PATHS = (
					"$(inherited)",
					"@executable_path/Frameworks",
					"@loader_path/Frameworks",
				);
				MARKETING_VERSION = 1.0;
				PRODUCT_BUNDLE_IDENTIFIER = com.dsigns.WordlerTests;
				PRODUCT_NAME = "$(TARGET_NAME)";
				SWIFT_EMIT_LOC_STRINGS = NO;
				SWIFT_VERSION = 5.0;
				TARGETED_DEVICE_FAMILY = "1,2";
				TEST_HOST = "$(BUILT_PRODUCTS_DIR)/Wordler.app/Wordler";
			};
			name = Release;
		};
		7D19BE8E27B79676001BBCD7 /* Debug */ = {
			isa = XCBuildConfiguration;
			buildSettings = {
				ALWAYS_EMBED_SWIFT_STANDARD_LIBRARIES = YES;
				CODE_SIGN_STYLE = Automatic;
				CURRENT_PROJECT_VERSION = 1;
				DEVELOPMENT_TEAM = 9DENJD3M83;
				GENERATE_INFOPLIST_FILE = YES;
				LD_RUNPATH_SEARCH_PATHS = (
					"$(inherited)",
					"@executable_path/Frameworks",
					"@loader_path/Frameworks",
				);
				MARKETING_VERSION = 1.0;
				PRODUCT_BUNDLE_IDENTIFIER = com.dsigns.WordlerUITests;
				PRODUCT_NAME = "$(TARGET_NAME)";
				SWIFT_EMIT_LOC_STRINGS = NO;
				SWIFT_VERSION = 5.0;
				TARGETED_DEVICE_FAMILY = "1,2";
				TEST_TARGET_NAME = Wordler;
			};
			name = Debug;
		};
		7D19BE8F27B79676001BBCD7 /* Release */ = {
			isa = XCBuildConfiguration;
			buildSettings = {
				ALWAYS_EMBED_SWIFT_STANDARD_LIBRARIES = YES;
				CODE_SIGN_STYLE = Automatic;
				CURRENT_PROJECT_VERSION = 1;
				DEVELOPMENT_TEAM = 9DENJD3M83;
				GENERATE_INFOPLIST_FILE = YES;
				LD_RUNPATH_SEARCH_PATHS = (
					"$(inherited)",
					"@executable_path/Frameworks",
					"@loader_path/Frameworks",
				);
				MARKETING_VERSION = 1.0;
				PRODUCT_BUNDLE_IDENTIFIER = com.dsigns.WordlerUITests;
				PRODUCT_NAME = "$(TARGET_NAME)";
				SWIFT_EMIT_LOC_STRINGS = NO;
				SWIFT_VERSION = 5.0;
				TARGETED_DEVICE_FAMILY = "1,2";
				TEST_TARGET_NAME = Wordler;
			};
			name = Release;
		};
/* End XCBuildConfiguration section */

/* Begin XCConfigurationList section */
		7D19BE5E27B79674001BBCD7 /* Build configuration list for PBXProject "Wordler" */ = {
			isa = XCConfigurationList;
			buildConfigurations = (
				7D19BE8527B79676001BBCD7 /* Debug */,
				7D19BE8627B79676001BBCD7 /* Release */,
			);
			defaultConfigurationIsVisible = 0;
			defaultConfigurationName = Release;
		};
		7D19BE8727B79676001BBCD7 /* Build configuration list for PBXNativeTarget "Wordler" */ = {
			isa = XCConfigurationList;
			buildConfigurations = (
				7D19BE8827B79676001BBCD7 /* Debug */,
				7D19BE8927B79676001BBCD7 /* Release */,
			);
			defaultConfigurationIsVisible = 0;
			defaultConfigurationName = Release;
		};
		7D19BE8A27B79676001BBCD7 /* Build configuration list for PBXNativeTarget "WordlerTests" */ = {
			isa = XCConfigurationList;
			buildConfigurations = (
				7D19BE8B27B79676001BBCD7 /* Debug */,
				7D19BE8C27B79676001BBCD7 /* Release */,
			);
			defaultConfigurationIsVisible = 0;
			defaultConfigurationName = Release;
		};
		7D19BE8D27B79676001BBCD7 /* Build configuration list for PBXNativeTarget "WordlerUITests" */ = {
			isa = XCConfigurationList;
			buildConfigurations = (
				7D19BE8E27B79676001BBCD7 /* Debug */,
				7D19BE8F27B79676001BBCD7 /* Release */,
			);
			defaultConfigurationIsVisible = 0;
			defaultConfigurationName = Release;
		};
/* End XCConfigurationList section */

/* Begin XCRemoteSwiftPackageReference section */
		7D19BE9027B79792001BBCD7 /* XCRemoteSwiftPackageReference "Alamofire" */ = {
			isa = XCRemoteSwiftPackageReference;
			repositoryURL = "https://github.com/Alamofire/Alamofire.git";
			requirement = {
				kind = upToNextMajorVersion;
				minimumVersion = 5.5.0;
			};
		};
/* End XCRemoteSwiftPackageReference section */

/* Begin XCSwiftPackageProductDependency section */
		7D19BE9127B79792001BBCD7 /* Alamofire */ = {
			isa = XCSwiftPackageProductDependency;
			package = 7D19BE9027B79792001BBCD7 /* XCRemoteSwiftPackageReference "Alamofire" */;
			productName = Alamofire;
		};
/* End XCSwiftPackageProductDependency section */
	};
	rootObject = 7D19BE5B27B79674001BBCD7 /* Project object */;
}
